
Microsoft Visual Studio Solution File, Format Version 12.00
# Visual Studio Version 17
VisualStudioVersion = 17.5.33516.290
MinimumVisualStudioVersion = 10.0.40219.1
Project("{8BC9CEB8-8B4A-11D0-8D11-00A0C91BC942}") = "CodeMeter", "CodeMeter\CodeMeter.vcxproj", "{B5F06C50-3F34-4064-89A6-040B88F4DB05}"
EndProject
Global
	GlobalSection(SolutionConfigurationPlatforms) = preSolution
		Debug|x64 = Debug|x64
		Debug|x86 = Debug|x86
		Release|x64 = Release|x64
		Release|x86 = Release|x86
	EndGlobalSection
	GlobalSection(ProjectConfigurationPlatforms) = postSolution
		{B5F06C50-3F34-4064-89A6-040B88F4DB05}.Debug|x64.ActiveCfg = Debug|x64
		{B5F06C50-3F34-4064-89A6-040B88F4DB05}.Debug|x64.Build.0 = Debug|x64
		{B5F06C50-3F34-4064-89A6-040B88F4DB05}.Debug|x86.ActiveCfg = Debug|Win32
		{B5F06C50-3F34-4064-89A6-040B88F4DB05}.Debug|x86.Build.0 = Debug|Win32
		{B5F06C50-3F34-4064-89A6-040B88F4DB05}.Release|x64.ActiveCfg = Release|x64
		{B5F06C50-3F34-4064-89A6-040B88F4DB05}.Release|x64.Build.0 = Release|x64
		{B5F06C50-3F34-4064-89A6-040B88F4DB05}.Release|x86.ActiveCfg = Release|Win32
		{B5F06C50-3F34-4064-89A6-040B88F4DB05}.Release|x86.Build.0 = Release|Win32
	EndGlobalSection
	GlobalSection(SolutionProperties) = preSolution
		HideSolutionNode = FALSE
	EndGlobalSection
	GlobalSection(ExtensibilityGlobals) = postSolution
		SolutionGuid = {2002ADEC-7777-4343-94EC-4A65F336AAE7}
	EndGlobalSection
EndGlobal
